
Microsoft Visual Studio Solution File, Format Version 12.00
# Visual Studio Version 16
VisualStudioVersion = 16.0.29324.140
MinimumVisualStudioVersion = 10.0.40219.1
Project("{9A19103F-16F7-4668-BE54-9A1E7A4F7556}") = "PDFFormFiller", "PDFFormFiller\PDFFormFiller.csproj", "{EC4706E4-FB74-4DDD-9011-934F1C07CC61}"
EndProject
Project("{FAE04EC0-301F-11D3-BF4B-00C04F79EFBC}") = "UnitTests", "UnitTests\UnitTests.csproj", "{9A0CDBF9-568E-4DD5-8215-88F63FDA1E98}"
EndProject
Project("{FAE04EC0-301F-11D3-BF4B-00C04F79EFBC}") = "IntegrationTests", "IntegrationTests\IntegrationTests.csproj", "{72A174C3-DD91-4A9F-8908-F1743FC0ACC1}"
EndProject
Global
	GlobalSection(SolutionConfigurationPlatforms) = preSolution
		Debug|Any CPU = Debug|Any CPU
		Release|Any CPU = Release|Any CPU
	EndGlobalSection
	GlobalSection(ProjectConfigurationPlatforms) = postSolution
		{EC4706E4-FB74-4DDD-9011-934F1C07CC61}.Debug|Any CPU.ActiveCfg = Debug|Any CPU
		{EC4706E4-FB74-4DDD-9011-934F1C07CC61}.Debug|Any CPU.Build.0 = Debug|Any CPU
		{EC4706E4-FB74-4DDD-9011-934F1C07CC61}.Release|Any CPU.ActiveCfg = Release|Any CPU
		{EC4706E4-FB74-4DDD-9011-934F1C07CC61}.Release|Any CPU.Build.0 = Release|Any CPU
		{9A0CDBF9-568E-4DD5-8215-88F63FDA1E98}.Debug|Any CPU.ActiveCfg = Debug|Any CPU
		{9A0CDBF9-568E-4DD5-8215-88F63FDA1E98}.Debug|Any CPU.Build.0 = Debug|Any CPU
		{9A0CDBF9-568E-4DD5-8215-88F63FDA1E98}.Release|Any CPU.ActiveCfg = Release|Any CPU
		{9A0CDBF9-568E-4DD5-8215-88F63FDA1E98}.Release|Any CPU.Build.0 = Release|Any CPU
		{72A174C3-DD91-4A9F-8908-F1743FC0ACC1}.Debug|Any CPU.ActiveCfg = Debug|Any CPU
		{72A174C3-DD91-4A9F-8908-F1743FC0ACC1}.Debug|Any CPU.Build.0 = Debug|Any CPU
		{72A174C3-DD91-4A9F-8908-F1743FC0ACC1}.Release|Any CPU.ActiveCfg = Release|Any CPU
		{72A174C3-DD91-4A9F-8908-F1743FC0ACC1}.Release|Any CPU.Build.0 = Release|Any CPU
	EndGlobalSection
	GlobalSection(SolutionProperties) = preSolution
		HideSolutionNode = FALSE
	EndGlobalSection
	GlobalSection(ExtensibilityGlobals) = postSolution
		SolutionGuid = {58139B93-84B2-48EA-9F9E-09345E6671F5}
	EndGlobalSection
EndGlobal
